
Microsoft Visual Studio Solution File, Format Version 12.00
# Visual Studio Version 17
VisualStudioVersion = 17.14.36203.30 d17.14
MinimumVisualStudioVersion = 10.0.40219.1
Project("{FAE04EC0-301F-11D3-BF4B-00C04F79EFBC}") = "HelloNikki", "HelloYourName\HelloNikki.csproj", "{8F771F69-C75B-4B2B-8DF1-FF5D5F79CB03}"
EndProject
Global
	GlobalSection(SolutionConfigurationPlatforms) = preSolution
		Debug|Any CPU = Debug|Any CPU
		Release|Any CPU = Release|Any CPU
	EndGlobalSection
	GlobalSection(ProjectConfigurationPlatforms) = postSolution
		{8F771F69-C75B-4B2B-8DF1-FF5D5F79CB03}.Debug|Any CPU.ActiveCfg = Debug|Any CPU
		{8F771F69-C75B-4B2B-8DF1-FF5D5F79CB03}.Debug|Any CPU.Build.0 = Debug|Any CPU
		{8F771F69-C75B-4B2B-8DF1-FF5D5F79CB03}.Release|Any CPU.ActiveCfg = Release|Any CPU
		{8F771F69-C75B-4B2B-8DF1-FF5D5F79CB03}.Release|Any CPU.Build.0 = Release|Any CPU
	EndGlobalSection
	GlobalSection(SolutionProperties) = preSolution
		HideSolutionNode = FALSE
	EndGlobalSection
	GlobalSection(ExtensibilityGlobals) = postSolution
		SolutionGuid = {53E65D83-6764-4F41-AD6B-305F8BEA5804}
	EndGlobalSection
EndGlobal
